
Microsoft Visual Studio Solution File, Format Version 11.00
# Visual Studio 2010 Express for Windows Phone
Project("{FAE04EC0-301F-11D3-BF4B-00C04F79EFBC}") = "7Circles", "7Circles\7Circles\7Circles.csproj", "{1370F142-E4C2-493B-ACEF-44E10DA62D89}"
EndProject
Project("{96E2B04D-8817-42C6-938A-82C39BA4D311}") = "7CirclesContent", "7Circles\7CirclesContent\7CirclesContent.contentproj", "{656D7AEC-8021-4426-8CE3-6D7F4ED5DC0D}"
EndProject
Project("{FAE04EC0-301F-11D3-BF4B-00C04F79EFBC}") = "Farseer Physics XNA WP7", "..\Farseer Physics Engine 3.3.1 HelloWorld XNA\Farseer Physics Engine 3.3 XNA\Farseer Physics XNA WP7.csproj", "{AA6CB78E-9484-4843-8613-54CD2BF1E948}"
EndProject
Global
	GlobalSection(SolutionConfigurationPlatforms) = preSolution
		Debug|Windows Phone = Debug|Windows Phone
		Release|Windows Phone = Release|Windows Phone
	EndGlobalSection
	GlobalSection(ProjectConfigurationPlatforms) = postSolution
		{1370F142-E4C2-493B-ACEF-44E10DA62D89}.Debug|Windows Phone.ActiveCfg = Debug|Windows Phone
		{1370F142-E4C2-493B-ACEF-44E10DA62D89}.Debug|Windows Phone.Build.0 = Debug|Windows Phone
		{1370F142-E4C2-493B-ACEF-44E10DA62D89}.Debug|Windows Phone.Deploy.0 = Debug|Windows Phone
		{1370F142-E4C2-493B-ACEF-44E10DA62D89}.Release|Windows Phone.ActiveCfg = Release|Windows Phone
		{1370F142-E4C2-493B-ACEF-44E10DA62D89}.Release|Windows Phone.Build.0 = Release|Windows Phone
		{1370F142-E4C2-493B-ACEF-44E10DA62D89}.Release|Windows Phone.Deploy.0 = Release|Windows Phone
		{656D7AEC-8021-4426-8CE3-6D7F4ED5DC0D}.Debug|Windows Phone.ActiveCfg = Debug|Windows Phone
		{656D7AEC-8021-4426-8CE3-6D7F4ED5DC0D}.Release|Windows Phone.ActiveCfg = Release|Windows Phone
		{AA6CB78E-9484-4843-8613-54CD2BF1E948}.Debug|Windows Phone.ActiveCfg = Debug|Windows Phone
		{AA6CB78E-9484-4843-8613-54CD2BF1E948}.Debug|Windows Phone.Build.0 = Debug|Windows Phone
		{AA6CB78E-9484-4843-8613-54CD2BF1E948}.Release|Windows Phone.ActiveCfg = Release|Windows Phone
		{AA6CB78E-9484-4843-8613-54CD2BF1E948}.Release|Windows Phone.Build.0 = Release|Windows Phone
	EndGlobalSection
	GlobalSection(SolutionProperties) = preSolution
		HideSolutionNode = FALSE
	EndGlobalSection
EndGlobal
